
Microsoft Visual Studio Solution File, Format Version 12.00
# Visual Studio 15
VisualStudioVersion = 15.0.28010.2048
MinimumVisualStudioVersion = 10.0.40219.1
Project("{FAE04EC0-301F-11D3-BF4B-00C04F79EFBC}") = "PodTrackerServices", "PodTrackerServices\PodTrackerServices.csproj", "{70CC7D71-A366-449D-AAE0-81892B5A4401}"
EndProject
Global
	GlobalSection(SolutionConfigurationPlatforms) = preSolution
		Debug|Any CPU = Debug|Any CPU
		Release|Any CPU = Release|Any CPU
	EndGlobalSection
	GlobalSection(ProjectConfigurationPlatforms) = postSolution
		{70CC7D71-A366-449D-AAE0-81892B5A4401}.Debug|Any CPU.ActiveCfg = Debug|Any CPU
		{70CC7D71-A366-449D-AAE0-81892B5A4401}.Debug|Any CPU.Build.0 = Debug|Any CPU
		{70CC7D71-A366-449D-AAE0-81892B5A4401}.Release|Any CPU.ActiveCfg = Release|Any CPU
		{70CC7D71-A366-449D-AAE0-81892B5A4401}.Release|Any CPU.Build.0 = Release|Any CPU
	EndGlobalSection
	GlobalSection(SolutionProperties) = preSolution
		HideSolutionNode = FALSE
	EndGlobalSection
	GlobalSection(ExtensibilityGlobals) = postSolution
		SolutionGuid = {8F4E53F1-7E42-4C95-8A51-66D654A9364D}
	EndGlobalSection
EndGlobal
